PODS:
  - Flutter (1.0.0)
  - flutterpd (0.0.1):
    - Flutter
    - libpd
  - libpd (0.11.0)

DEPENDENCIES:
  - Flutter (from `Flutter`)
  - flutterpd (from `.symlinks/plugins/flutterpd/ios`)
  - libpd (from `https://github.com/libpd/libpd`)

EXTERNAL SOURCES:
  Flutter:
    :path: Flutter
  flutterpd:
    :path: ".symlinks/plugins/flutterpd/ios"
  libpd:
    :git: https://github.com/libpd/libpd
    :submodules: true

CHECKOUT OPTIONS:
  libpd:
    :commit: d5b6c0c766c6a9ede6b288c36113fb28713bfade
    :git: https://github.com/libpd/libpd
    :submodules: true

SPEC CHECKSUMS:
  Flutter: 0e3d915762c693b495b44d77113d4970485de6ec
  flutterpd: 5d356fb0aa25ea7b462713aa697a63a7845280bb
  libpd: 0f5398f900ef410a5fde3f258cf3c78103a8bcc6

PODFILE CHECKSUM: a728ad264163abcb7544a5b74260c626ec1dd0d8

COCOAPODS: 1.8.4
